
Microsoft Visual Studio Solution File, Format Version 12.00
# Visual Studio Version 16
VisualStudioVersion = 16.0.30011.22
MinimumVisualStudioVersion = 10.0.40219.1
Project("{F184B08F-C81C-45F6-A57F-5ABD9991F28F}") = "BaseDeDatos", "BaseDeDatos\BaseDeDatos.vbproj", "{6BFD1CBE-56DB-4A4E-B6B1-98AB01178F4B}"
EndProject
Global
	GlobalSection(SolutionConfigurationPlatforms) = preSolution
		Debug|Any CPU = Debug|Any CPU
		Release|Any CPU = Release|Any CPU
	EndGlobalSection
	GlobalSection(ProjectConfigurationPlatforms) = postSolution
		{6BFD1CBE-56DB-4A4E-B6B1-98AB01178F4B}.Debug|Any CPU.ActiveCfg = Debug|Any CPU
		{6BFD1CBE-56DB-4A4E-B6B1-98AB01178F4B}.Debug|Any CPU.Build.0 = Debug|Any CPU
		{6BFD1CBE-56DB-4A4E-B6B1-98AB01178F4B}.Release|Any CPU.ActiveCfg = Release|Any CPU
		{6BFD1CBE-56DB-4A4E-B6B1-98AB01178F4B}.Release|Any CPU.Build.0 = Release|Any CPU
	EndGlobalSection
	GlobalSection(SolutionProperties) = preSolution
		HideSolutionNode = FALSE
	EndGlobalSection
	GlobalSection(ExtensibilityGlobals) = postSolution
		SolutionGuid = {5E6BFBD7-29F6-4E46-9F3B-46EA877639CC}
	EndGlobalSection
EndGlobal
